
Microsoft Visual Studio Solution File, Format Version 12.00
# Visual Studio Version 16
VisualStudioVersion = 16.0.29009.5
MinimumVisualStudioVersion = 10.0.40219.1
Project("{FAE04EC0-301F-11D3-BF4B-00C04F79EFBC}") = "ThucHanh4 Công ty bảo hiểm", "ThucHanh4 Công ty bảo hiểm\ThucHanh4 Công ty bảo hiểm.csproj", "{712680FC-1FDD-4665-B072-BA6FDE4990E9}"
EndProject
Global
	GlobalSection(SolutionConfigurationPlatforms) = preSolution
		Debug|Any CPU = Debug|Any CPU
		Release|Any CPU = Release|Any CPU
	EndGlobalSection
	GlobalSection(ProjectConfigurationPlatforms) = postSolution
		{712680FC-1FDD-4665-B072-BA6FDE4990E9}.Debug|Any CPU.ActiveCfg = Debug|Any CPU
		{712680FC-1FDD-4665-B072-BA6FDE4990E9}.Debug|Any CPU.Build.0 = Debug|Any CPU
		{712680FC-1FDD-4665-B072-BA6FDE4990E9}.Release|Any CPU.ActiveCfg = Release|Any CPU
		{712680FC-1FDD-4665-B072-BA6FDE4990E9}.Release|Any CPU.Build.0 = Release|Any CPU
	EndGlobalSection
	GlobalSection(SolutionProperties) = preSolution
		HideSolutionNode = FALSE
	EndGlobalSection
	GlobalSection(ExtensibilityGlobals) = postSolution
		SolutionGuid = {D8FF494A-89C4-42E2-BCE3-EB61111351CB}
	EndGlobalSection
EndGlobal
